// !$*UTF8*$!
{
	archiveVersion = 1;
	classes = {
	};
	objectVersion = 56;
	objects = {

/* Begin PBXBuildFile section */
		BF889D542B7F23E6003D27CE /* TextType.swift in Sources */ = {isa = PBXBuildFile; fileRef = BF889D532B7F23E6003D27CE /* TextType.swift */; };
		BF8B27B62B61D77C00B96435 /* MiniBoardApp.swift in Sources */ = {isa = PBXBuildFile; fileRef = BF8B27B52B61D77C00B96435 /* MiniBoardApp.swift */; };
		BF8B27B82B61D77C00B96435 /* ContentView.swift in Sources */ = {isa = PBXBuildFile; fileRef = BF8B27B72B61D77C00B96435 /* ContentView.swift */; };
		BF8B27BA2B61D77E00B96435 /* Assets.xcassets in Resources */ = {isa = PBXBuildFile; fileRef = BF8B27B92B61D77E00B96435 /* Assets.xcassets */; };
		BF8B27BD2B61D77E00B96435 /* Preview Assets.xcassets in Resources */ = {isa = PBXBuildFile; fileRef = BF8B27BC2B61D77E00B96435 /* Preview Assets.xcassets */; };
		BF8B27C52B61E6D300B96435 /* AppDelegate.swift in Sources */ = {isa = PBXBuildFile; fileRef = BF8B27C42B61E6D300B96435 /* AppDelegate.swift */; };
		BF8B27C82B62264400B96435 /* ClipboardItem.swift in Sources */ = {isa = PBXBuildFile; fileRef = BF8B27C72B62264400B96435 /* ClipboardItem.swift */; };
		BF8B27CC2B6230A300B96435 /* KeyboardShortcutHandler.swift in Sources */ = {isa = PBXBuildFile; fileRef = BF8B27CB2B6230A300B96435 /* KeyboardShortcutHandler.swift */; };
		BF8B27CF2B62386C00B96435 /* ListView.swift in Sources */ = {isa = PBXBuildFile; fileRef = BF8B27CE2B62386C00B96435 /* ListView.swift */; };
		BF8B27D22B635A5A00B96435 /* ListItem.swift in Sources */ = {isa = PBXBuildFile; fileRef = BF8B27D12B635A5A00B96435 /* ListItem.swift */; };
		BF8B27D42B65EE4100B96435 /* FloatingWindow.swift in Sources */ = {isa = PBXBuildFile; fileRef = BF8B27D32B65EE4100B96435 /* FloatingWindow.swift */; };
		BF8B27D62B65F48100B96435 /* CopiedItemView.swift in Sources */ = {isa = PBXBuildFile; fileRef = BF8B27D52B65F48100B96435 /* CopiedItemView.swift */; };
/* End PBXBuildFile section */

/* Begin PBXFileReference section */
		BF889D532B7F23E6003D27CE /* TextType.swift */ = {isa = PBXFileReference; lastKnownFileType = sourcecode.swift; path = TextType.swift; sourceTree = "<group>"; };
		BF8B27B22B61D77C00B96435 /* MiniBoard.app */ = {isa = PBXFileReference; explicitFileType = wrapper.application; includeInIndex = 0; path = MiniBoard.app; sourceTree = BUILT_PRODUCTS_DIR; };
		BF8B27B52B61D77C00B96435 /* MiniBoardApp.swift */ = {isa = PBXFileReference; lastKnownFileType = sourcecode.swift; path = MiniBoardApp.swift; sourceTree = "<group>"; };
		BF8B27B72B61D77C00B96435 /* ContentView.swift */ = {isa = PBXFileReference; lastKnownFileType = sourcecode.swift; path = ContentView.swift; sourceTree = "<group>"; };
		BF8B27B92B61D77E00B96435 /* Assets.xcassets */ = {isa = PBXFileReference; lastKnownFileType = folder.assetcatalog; path = Assets.xcassets; sourceTree = "<group>"; };
		BF8B27BC2B61D77E00B96435 /* Preview Assets.xcassets */ = {isa = PBXFileReference; lastKnownFileType = folder.assetcatalog; path = "Preview Assets.xcassets"; sourceTree = "<group>"; };
		BF8B27BE2B61D77E00B96435 /* MiniBoard.entitlements */ = {isa = PBXFileReference; lastKnownFileType = text.plist.entitlements; path = MiniBoard.entitlements; sourceTree = "<group>"; };
		BF8B27C42B61E6D300B96435 /* AppDelegate.swift */ = {isa = PBXFileReference; lastKnownFileType = sourcecode.swift; path = AppDelegate.swift; sourceTree = "<group>"; };
		BF8B27C72B62264400B96435 /* ClipboardItem.swift */ = {isa = PBXFileReference; lastKnownFileType = sourcecode.swift; path = ClipboardItem.swift; sourceTree = "<group>"; };
		BF8B27CB2B6230A300B96435 /* KeyboardShortcutHandler.swift */ = {isa = PBXFileReference; lastKnownFileType = sourcecode.swift; path = KeyboardShortcutHandler.swift; sourceTree = "<group>"; };
		BF8B27CE2B62386C00B96435 /* ListView.swift */ = {isa = PBXFileReference; lastKnownFileType = sourcecode.swift; path = ListView.swift; sourceTree = "<group>"; };
		BF8B27D12B635A5A00B96435 /* ListItem.swift */ = {isa = PBXFileReference; lastKnownFileType = sourcecode.swift; path = ListItem.swift; sourceTree = "<group>"; };
		BF8B27D32B65EE4100B96435 /* FloatingWindow.swift */ = {isa = PBXFileReference; lastKnownFileType = sourcecode.swift; path = FloatingWindow.swift; sourceTree = "<group>"; };
		BF8B27D52B65F48100B96435 /* CopiedItemView.swift */ = {isa = PBXFileReference; lastKnownFileType = sourcecode.swift; path = CopiedItemView.swift; sourceTree = "<group>"; };
/* End PBXFileReference section */

/* Begin PBXFrameworksBuildPhase section */
		BF8B27AF2B61D77C00B96435 /* Frameworks */ = {
			isa = PBXFrameworksBuildPhase;
			buildActionMask = 2147483647;
			files = (
			);
			runOnlyForDeploymentPostprocessing = 0;
		};
/* End PBXFrameworksBuildPhase section */

/* Begin PBXGroup section */
		BF889D522B7F22FE003D27CE /* Utils */ = {
			isa = PBXGroup;
			children = (
				BF889D532B7F23E6003D27CE /* TextType.swift */,
			);
			path = Utils;
			sourceTree = "<group>";
		};
		BF8B27A92B61D77C00B96435 = {
			isa = PBXGroup;
			children = (
				BF8B27B42B61D77C00B96435 /* MiniBoard */,
				BF8B27B32B61D77C00B96435 /* Products */,
			);
			sourceTree = "<group>";
		};
		BF8B27B32B61D77C00B96435 /* Products */ = {
			isa = PBXGroup;
			children = (
				BF8B27B22B61D77C00B96435 /* MiniBoard.app */,
			);
			name = Products;
			sourceTree = "<group>";
		};
		BF8B27B42B61D77C00B96435 /* MiniBoard */ = {
			isa = PBXGroup;
			children = (
				BF8B27D02B62E4E300B96435 /* Components */,
				BF889D522B7F22FE003D27CE /* Utils */,
				BF8B27CD2B62386600B96435 /* View */,
				BF8B27C62B62262800B96435 /* Model */,
				BF8B27B52B61D77C00B96435 /* MiniBoardApp.swift */,
				BF8B27B72B61D77C00B96435 /* ContentView.swift */,
				BF8B27B92B61D77E00B96435 /* Assets.xcassets */,
				BF8B27BE2B61D77E00B96435 /* MiniBoard.entitlements */,
				BF8B27BB2B61D77E00B96435 /* Preview Content */,
				BF8B27C42B61E6D300B96435 /* AppDelegate.swift */,
				BF8B27CB2B6230A300B96435 /* KeyboardShortcutHandler.swift */,
			);
			path = MiniBoard;
			sourceTree = "<group>";
		};
		BF8B27BB2B61D77E00B96435 /* Preview Content */ = {
			isa = PBXGroup;
			children = (
				BF8B27BC2B61D77E00B96435 /* Preview Assets.xcassets */,
			);
			path = "Preview Content";
			sourceTree = "<group>";
		};
		BF8B27C62B62262800B96435 /* Model */ = {
			isa = PBXGroup;
			children = (
				BF8B27C72B62264400B96435 /* ClipboardItem.swift */,
			);
			path = Model;
			sourceTree = "<group>";
		};
		BF8B27CD2B62386600B96435 /* View */ = {
			isa = PBXGroup;
			children = (
				BF8B27CE2B62386C00B96435 /* ListView.swift */,
				BF8B27D52B65F48100B96435 /* CopiedItemView.swift */,
			);
			path = View;
			sourceTree = "<group>";
		};
		BF8B27D02B62E4E300B96435 /* Components */ = {
			isa = PBXGroup;
			children = (
				BF8B27D12B635A5A00B96435 /* ListItem.swift */,
				BF8B27D32B65EE4100B96435 /* FloatingWindow.swift */,
			);
			path = Components;
			sourceTree = "<group>";
		};
/* End PBXGroup section */

/* Begin PBXNativeTarget section */
		BF8B27B12B61D77C00B96435 /* MiniBoard */ = {
			isa = PBXNativeTarget;
			buildConfigurationList = BF8B27C12B61D77E00B96435 /* Build configuration list for PBXNativeTarget "MiniBoard" */;
			buildPhases = (
				BF8B27AE2B61D77C00B96435 /* Sources */,
				BF8B27AF2B61D77C00B96435 /* Frameworks */,
				BF8B27B02B61D77C00B96435 /* Resources */,
			);
			buildRules = (
			);
			dependencies = (
			);
			name = MiniBoard;
			productName = MiniBoard;
			productReference = BF8B27B22B61D77C00B96435 /* MiniBoard.app */;
			productType = "com.apple.product-type.application";
		};
/* End PBXNativeTarget section */

/* Begin PBXProject section */
		BF8B27AA2B61D77C00B96435 /* Project object */ = {
			isa = PBXProject;
			attributes = {
				BuildIndependentTargetsInParallel = 1;
				LastSwiftUpdateCheck = 1510;
				LastUpgradeCheck = 1510;
				TargetAttributes = {
					BF8B27B12B61D77C00B96435 = {
						CreatedOnToolsVersion = 15.1;
					};
				};
			};
			buildConfigurationList = BF8B27AD2B61D77C00B96435 /* Build configuration list for PBXProject "MiniBoard" */;
			compatibilityVersion = "Xcode 14.0";
			developmentRegion = en;
			hasScannedForEncodings = 0;
			knownRegions = (
				en,
				Base,
			);
			mainGroup = BF8B27A92B61D77C00B96435;
			productRefGroup = BF8B27B32B61D77C00B96435 /* Products */;
			projectDirPath = "";
			projectRoot = "";
			targets = (
				BF8B27B12B61D77C00B96435 /* MiniBoard */,
			);
		};
/* End PBXProject section */

/* Begin PBXResourcesBuildPhase section */
		BF8B27B02B61D77C00B96435 /* Resources */ = {
			isa = PBXResourcesBuildPhase;
			buildActionMask = 2147483647;
			files = (
				BF8B27BD2B61D77E00B96435 /* Preview Assets.xcassets in Resources */,
				BF8B27BA2B61D77E00B96435 /* Assets.xcassets in Resources */,
			);
			runOnlyForDeploymentPostprocessing = 0;
		};
/* End PBXResourcesBuildPhase section */

/* Begin PBXSourcesBuildPhase section */
		BF8B27AE2B61D77C00B96435 /* Sources */ = {
			isa = PBXSourcesBuildPhase;
			buildActionMask = 2147483647;
			files = (
				BF8B27D42B65EE4100B96435 /* FloatingWindow.swift in Sources */,
				BF8B27B82B61D77C00B96435 /* ContentView.swift in Sources */,
				BF8B27CC2B6230A300B96435 /* KeyboardShortcutHandler.swift in Sources */,
				BF8B27C52B61E6D300B96435 /* AppDelegate.swift in Sources */,
				BF8B27CF2B62386C00B96435 /* ListView.swift in Sources */,
				BF8B27D22B635A5A00B96435 /* ListItem.swift in Sources */,
				BF8B27D62B65F48100B96435 /* CopiedItemView.swift in Sources */,
				BF8B27B62B61D77C00B96435 /* MiniBoardApp.swift in Sources */,
				BF889D542B7F23E6003D27CE /* TextType.swift in Sources */,
				BF8B27C82B62264400B96435 /* ClipboardItem.swift in Sources */,
			);
			runOnlyForDeploymentPostprocessing = 0;
		};
/* End PBXSourcesBuildPhase section */

/* Begin XCBuildConfiguration section */
		BF8B27BF2B61D77E00B96435 /* Debug */ = {
			isa = XCBuildConfiguration;
			buildSettings = {
				ALWAYS_SEARCH_USER_PATHS = NO;
				ASSETCATALOG_COMPILER_GENERATE_SWIFT_ASSET_SYMBOL_EXTENSIONS = YES;
				CLANG_ANALYZER_NONNULL = YES;
				CLANG_ANALYZER_NUMBER_OBJECT_CONVERSION = YES_AGGRESSIVE;
				CLANG_CXX_LANGUAGE_STANDARD = "gnu++20";
				CLANG_ENABLE_MODULES = YES;
				CLANG_ENABLE_OBJC_ARC = YES;
				CLANG_ENABLE_OBJC_WEAK = YES;
				CLANG_WARN_BLOCK_CAPTURE_AUTORELEASING = YES;
				CLANG_WARN_BOOL_CONVERSION = YES;
				CLANG_WARN_COMMA = YES;
				CLANG_WARN_CONSTANT_CONVERSION = YES;
				CLANG_WARN_DEPRECATED_OBJC_IMPLEMENTATIONS = YES;
				CLANG_WARN_DIRECT_OBJC_ISA_USAGE = YES_ERROR;
				CLANG_WARN_DOCUMENTATION_COMMENTS = YES;
				CLANG_WARN_EMPTY_BODY = YES;
				CLANG_WARN_ENUM_CONVERSION = YES;
				CLANG_WARN_INFINITE_RECURSION = YES;
				CLANG_WARN_INT_CONVERSION = YES;
				CLANG_WARN_NON_LITERAL_NULL_CONVERSION = YES;
				CLANG_WARN_OBJC_IMPLICIT_RETAIN_SELF = YES;
				CLANG_WARN_OBJC_LITERAL_CONVERSION = YES;
				CLANG_WARN_OBJC_ROOT_CLASS = YES_ERROR;
				CLANG_WARN_QUOTED_INCLUDE_IN_FRAMEWORK_HEADER = YES;
				CLANG_WARN_RANGE_LOOP_ANALYSIS = YES;
				CLANG_WARN_STRICT_PROTOTYPES = YES;
				CLANG_WARN_SUSPICIOUS_MOVE = YES;
				CLANG_WARN_UNGUARDED_AVAILABILITY = YES_AGGRESSIVE;
				CLANG_WARN_UNREACHABLE_CODE = YES;
				CLANG_WARN__DUPLICATE_METHOD_MATCH = YES;
				COPY_PHASE_STRIP = NO;
				DEBUG_INFORMATION_FORMAT = dwarf;
				ENABLE_STRICT_OBJC_MSGSEND = YES;
				ENABLE_TESTABILITY = YES;
				ENABLE_USER_SCRIPT_SANDBOXING = YES;
				GCC_C_LANGUAGE_STANDARD = gnu17;
				GCC_DYNAMIC_NO_PIC = NO;
				GCC_NO_COMMON_BLOCKS = YES;
				GCC_OPTIMIZATION_LEVEL = 0;
				GCC_PREPROCESSOR_DEFINITIONS = (
					"DEBUG=1",
					"$(inherited)",
				);
				GCC_WARN_64_TO_32_BIT_CONVERSION = YES;
				GCC_WARN_ABOUT_RETURN_TYPE = YES_ERROR;
				GCC_WARN_UNDECLARED_SELECTOR = YES;
				GCC_WARN_UNINITIALIZED_AUTOS = YES_AGGRESSIVE;
				GCC_WARN_UNUSED_FUNCTION = YES;
				GCC_WARN_UNUSED_VARIABLE = YES;
				LOCALIZATION_PREFERS_STRING_CATALOGS = YES;
				MACOSX_DEPLOYMENT_TARGET = 14.0;
				MTL_ENABLE_DEBUG_INFO = INCLUDE_SOURCE;
				MTL_FAST_MATH = YES;
				ONLY_ACTIVE_ARCH = YES;
				SDKROOT = macosx;
				SWIFT_ACTIVE_COMPILATION_CONDITIONS = "DEBUG $(inherited)";
				SWIFT_OPTIMIZATION_LEVEL = "-Onone";
			};
			name = Debug;
		};
		BF8B27C02B61D77E00B96435 /* Release */ = {
			isa = XCBuildConfiguration;
			buildSettings = {
				ALWAYS_SEARCH_USER_PATHS = NO;
				ASSETCATALOG_COMPILER_GENERATE_SWIFT_ASSET_SYMBOL_EXTENSIONS = YES;
				CLANG_ANALYZER_NONNULL = YES;
				CLANG_ANALYZER_NUMBER_OBJECT_CONVERSION = YES_AGGRESSIVE;
				CLANG_CXX_LANGUAGE_STANDARD = "gnu++20";
				CLANG_ENABLE_MODULES = YES;
				CLANG_ENABLE_OBJC_ARC = YES;
				CLANG_ENABLE_OBJC_WEAK = YES;
				CLANG_WARN_BLOCK_CAPTURE_AUTORELEASING = YES;
				CLANG_WARN_BOOL_CONVERSION = YES;
				CLANG_WARN_COMMA = YES;
				CLANG_WARN_CONSTANT_CONVERSION = YES;
				CLANG_WARN_DEPRECATED_OBJC_IMPLEMENTATIONS = YES;
				CLANG_WARN_DIRECT_OBJC_ISA_USAGE = YES_ERROR;
				CLANG_WARN_DOCUMENTATION_COMMENTS = YES;
				CLANG_WARN_EMPTY_BODY = YES;
				CLANG_WARN_ENUM_CONVERSION = YES;
				CLANG_WARN_INFINITE_RECURSION = YES;
				CLANG_WARN_INT_CONVERSION = YES;
				CLANG_WARN_NON_LITERAL_NULL_CONVERSION = YES;
				CLANG_WARN_OBJC_IMPLICIT_RETAIN_SELF = YES;
				CLANG_WARN_OBJC_LITERAL_CONVERSION = YES;
				CLANG_WARN_OBJC_ROOT_CLASS = YES_ERROR;
				CLANG_WARN_QUOTED_INCLUDE_IN_FRAMEWORK_HEADER = YES;
				CLANG_WARN_RANGE_LOOP_ANALYSIS = YES;
				CLANG_WARN_STRICT_PROTOTYPES = YES;
				CLANG_WARN_SUSPICIOUS_MOVE = YES;
				CLANG_WARN_UNGUARDED_AVAILABILITY = YES_AGGRESSIVE;
				CLANG_WARN_UNREACHABLE_CODE = YES;
				CLANG_WARN__DUPLICATE_METHOD_MATCH = YES;
				COPY_PHASE_STRIP = NO;
				DEBUG_INFORMATION_FORMAT = "dwarf-with-dsym";
				ENABLE_NS_ASSERTIONS = NO;
				ENABLE_STRICT_OBJC_MSGSEND = YES;
				ENABLE_USER_SCRIPT_SANDBOXING = YES;
				GCC_C_LANGUAGE_STANDARD = gnu17;
				GCC_NO_COMMON_BLOCKS = YES;
				GCC_WARN_64_TO_32_BIT_CONVERSION = YES;
				GCC_WARN_ABOUT_RETURN_TYPE = YES_ERROR;
				GCC_WARN_UNDECLARED_SELECTOR = YES;
				GCC_WARN_UNINITIALIZED_AUTOS = YES_AGGRESSIVE;
				GCC_WARN_UNUSED_FUNCTION = YES;
				GCC_WARN_UNUSED_VARIABLE = YES;
				LOCALIZATION_PREFERS_STRING_CATALOGS = YES;
				MACOSX_DEPLOYMENT_TARGET = 14.0;
				MTL_ENABLE_DEBUG_INFO = NO;
				MTL_FAST_MATH = YES;
				SDKROOT = macosx;
				SWIFT_COMPILATION_MODE = wholemodule;
			};
			name = Release;
		};
		BF8B27C22B61D77E00B96435 /* Debug */ = {
			isa = XCBuildConfiguration;
			buildSettings = {
				ASSETCATALOG_COMPILER_APPICON_NAME = AppIcon;
				ASSETCATALOG_COMPILER_GLOBAL_ACCENT_COLOR_NAME = AccentColor;
				CODE_SIGN_ENTITLEMENTS = MiniBoard/MiniBoard.entitlements;
				CODE_SIGN_STYLE = Automatic;
				COMBINE_HIDPI_IMAGES = YES;
				CURRENT_PROJECT_VERSION = 1;
				DEVELOPMENT_ASSET_PATHS = "\"MiniBoard/Preview Content\"";
				DEVELOPMENT_TEAM = XDD3MJCN39;
				ENABLE_HARDENED_RUNTIME = YES;
				ENABLE_PREVIEWS = YES;
				GENERATE_INFOPLIST_FILE = YES;
				INFOPLIST_KEY_LSUIElement = YES;
				INFOPLIST_KEY_NSHumanReadableCopyright = "";
				LD_RUNPATH_SEARCH_PATHS = (
					"$(inherited)",
					"@executable_path/../Frameworks",
				);
				MARKETING_VERSION = 1.0;
				PRODUCT_BUNDLE_IDENTIFIER = com.louisfarmer.MiniBoard;
				PRODUCT_NAME = "$(TARGET_NAME)";
				SWIFT_EMIT_LOC_STRINGS = YES;
				SWIFT_VERSION = 5.0;
			};
			name = Debug;
		};
		BF8B27C32B61D77E00B96435 /* Release */ = {
			isa = XCBuildConfiguration;
			buildSettings = {
				ASSETCATALOG_COMPILER_APPICON_NAME = AppIcon;
				ASSETCATALOG_COMPILER_GLOBAL_ACCENT_COLOR_NAME = AccentColor;
				CODE_SIGN_ENTITLEMENTS = MiniBoard/MiniBoard.entitlements;
				CODE_SIGN_STYLE = Automatic;
				COMBINE_HIDPI_IMAGES = YES;
				CURRENT_PROJECT_VERSION = 1;
				DEVELOPMENT_ASSET_PATHS = "\"MiniBoard/Preview Content\"";
				DEVELOPMENT_TEAM = XDD3MJCN39;
				ENABLE_HARDENED_RUNTIME = YES;
				ENABLE_PREVIEWS = YES;
				GENERATE_INFOPLIST_FILE = YES;
				INFOPLIST_KEY_LSUIElement = YES;
				INFOPLIST_KEY_NSHumanReadableCopyright = "";
				LD_RUNPATH_SEARCH_PATHS = (
					"$(inherited)",
					"@executable_path/../Frameworks",
				);
				MARKETING_VERSION = 1.0;
				PRODUCT_BUNDLE_IDENTIFIER = com.louisfarmer.MiniBoard;
				PRODUCT_NAME = "$(TARGET_NAME)";
				SWIFT_EMIT_LOC_STRINGS = YES;
				SWIFT_VERSION = 5.0;
			};
			name = Release;
		};
/* End XCBuildConfiguration section */

/* Begin XCConfigurationList section */
		BF8B27AD2B61D77C00B96435 /* Build configuration list for PBXProject "MiniBoard" */ = {
			isa = XCConfigurationList;
			buildConfigurations = (
				BF8B27BF2B61D77E00B96435 /* Debug */,
				BF8B27C02B61D77E00B96435 /* Release */,
			);
			defaultConfigurationIsVisible = 0;
			defaultConfigurationName = Release;
		};
		BF8B27C12B61D77E00B96435 /* Build configuration list for PBXNativeTarget "MiniBoard" */ = {
			isa = XCConfigurationList;
			buildConfigurations = (
				BF8B27C22B61D77E00B96435 /* Debug */,
				BF8B27C32B61D77E00B96435 /* Release */,
			);
			defaultConfigurationIsVisible = 0;
			defaultConfigurationName = Release;
		};
/* End XCConfigurationList section */
	};
	rootObject = BF8B27AA2B61D77C00B96435 /* Project object */;
}
